
Microsoft Visual Studio Solution File, Format Version 12.00
# Visual Studio 14
VisualStudioVersion = 14.0.25420.1
MinimumVisualStudioVersion = 10.0.40219.1
Project("{8BC9CEB8-8B4A-11D0-8D11-00A0C91BC942}") = "Polinom", "Polinom.vcxproj", "{F55A9C8A-A6A5-463E-80E6-8DE5355E5CE2}"
EndProject
Project("{8BC9CEB8-8B4A-11D0-8D11-00A0C91BC942}") = "tests", "..\List_gtest\List_gtest.vcxproj", "{8A8F0F4A-9D68-44F1-A83D-7005B00DDA64}"
EndProject
Project("{8BC9CEB8-8B4A-11D0-8D11-00A0C91BC942}") = "poly_calc", "..\poly_calc\poly_calc.vcxproj", "{9696B190-8A31-45BA-A43E-0287102EF438}"
EndProject
Project("{8BC9CEB8-8B4A-11D0-8D11-00A0C91BC942}") = "ConsolePoli", "..\ConsolePoli\ConsolePoli.vcxproj", "{AF7523EC-F30C-43E3-B4ED-7B5047464511}"
EndProject
Global
	GlobalSection(SolutionConfigurationPlatforms) = preSolution
		Debug|x64 = Debug|x64
		Debug|x86 = Debug|x86
		Release|x64 = Release|x64
		Release|x86 = Release|x86
	EndGlobalSection
	GlobalSection(ProjectConfigurationPlatforms) = postSolution
		{F55A9C8A-A6A5-463E-80E6-8DE5355E5CE2}.Debug|x64.ActiveCfg = Debug|x64
		{F55A9C8A-A6A5-463E-80E6-8DE5355E5CE2}.Debug|x64.Build.0 = Debug|x64
		{F55A9C8A-A6A5-463E-80E6-8DE5355E5CE2}.Debug|x86.ActiveCfg = Debug|Win32
		{F55A9C8A-A6A5-463E-80E6-8DE5355E5CE2}.Debug|x86.Build.0 = Debug|Win32
		{F55A9C8A-A6A5-463E-80E6-8DE5355E5CE2}.Release|x64.ActiveCfg = Release|x64
		{F55A9C8A-A6A5-463E-80E6-8DE5355E5CE2}.Release|x64.Build.0 = Release|x64
		{F55A9C8A-A6A5-463E-80E6-8DE5355E5CE2}.Release|x86.ActiveCfg = Release|Win32
		{F55A9C8A-A6A5-463E-80E6-8DE5355E5CE2}.Release|x86.Build.0 = Release|Win32
		{8A8F0F4A-9D68-44F1-A83D-7005B00DDA64}.Debug|x64.ActiveCfg = Debug|x64
		{8A8F0F4A-9D68-44F1-A83D-7005B00DDA64}.Debug|x64.Build.0 = Debug|x64
		{8A8F0F4A-9D68-44F1-A83D-7005B00DDA64}.Debug|x86.ActiveCfg = Debug|Win32
		{8A8F0F4A-9D68-44F1-A83D-7005B00DDA64}.Debug|x86.Build.0 = Debug|Win32
		{8A8F0F4A-9D68-44F1-A83D-7005B00DDA64}.Release|x64.ActiveCfg = Release|x64
		{8A8F0F4A-9D68-44F1-A83D-7005B00DDA64}.Release|x64.Build.0 = Release|x64
		{8A8F0F4A-9D68-44F1-A83D-7005B00DDA64}.Release|x86.ActiveCfg = Release|Win32
		{8A8F0F4A-9D68-44F1-A83D-7005B00DDA64}.Release|x86.Build.0 = Release|Win32
		{9696B190-8A31-45BA-A43E-0287102EF438}.Debug|x64.ActiveCfg = Debug|x64
		{9696B190-8A31-45BA-A43E-0287102EF438}.Debug|x64.Build.0 = Debug|x64
		{9696B190-8A31-45BA-A43E-0287102EF438}.Debug|x86.ActiveCfg = Debug|Win32
		{9696B190-8A31-45BA-A43E-0287102EF438}.Debug|x86.Build.0 = Debug|Win32
		{9696B190-8A31-45BA-A43E-0287102EF438}.Release|x64.ActiveCfg = Release|x64
		{9696B190-8A31-45BA-A43E-0287102EF438}.Release|x64.Build.0 = Release|x64
		{9696B190-8A31-45BA-A43E-0287102EF438}.Release|x86.ActiveCfg = Release|Win32
		{9696B190-8A31-45BA-A43E-0287102EF438}.Release|x86.Build.0 = Release|Win32
		{AF7523EC-F30C-43E3-B4ED-7B5047464511}.Debug|x64.ActiveCfg = Debug|x64
		{AF7523EC-F30C-43E3-B4ED-7B5047464511}.Debug|x64.Build.0 = Debug|x64
		{AF7523EC-F30C-43E3-B4ED-7B5047464511}.Debug|x86.ActiveCfg = Debug|Win32
		{AF7523EC-F30C-43E3-B4ED-7B5047464511}.Debug|x86.Build.0 = Debug|Win32
		{AF7523EC-F30C-43E3-B4ED-7B5047464511}.Release|x64.ActiveCfg = Release|x64
		{AF7523EC-F30C-43E3-B4ED-7B5047464511}.Release|x64.Build.0 = Release|x64
		{AF7523EC-F30C-43E3-B4ED-7B5047464511}.Release|x86.ActiveCfg = Release|Win32
		{AF7523EC-F30C-43E3-B4ED-7B5047464511}.Release|x86.Build.0 = Release|Win32
	EndGlobalSection
	GlobalSection(SolutionProperties) = preSolution
		HideSolutionNode = FALSE
	EndGlobalSection
	GlobalSection(ExtensibilityGlobals) = postSolution
		SolutionGuid = {0ECF783D-C88A-4878-945D-44DDDDEF66BD}
	EndGlobalSection
EndGlobal
